
Microsoft Visual Studio Solution File, Format Version 12.00
# Visual Studio 15
VisualStudioVersion = 15.0.27130.2027
MinimumVisualStudioVersion = 10.0.40219.1
Project("{FAE04EC0-301F-11D3-BF4B-00C04F79EFBC}") = "LandSenseAuth", "LandSenseAuth\LandSenseAuth\LandSenseAuth.csproj", "{1C4DD2CE-47B0-458A-ACAE-E78C5DFC2731}"
EndProject
Project("{FAE04EC0-301F-11D3-BF4B-00C04F79EFBC}") = "LandSenseAuth.Android", "LandSenseAuth\LandSenseAuth.Android\LandSenseAuth.Android.csproj", "{FA3D8F48-50BF-4CAD-A8A5-504FE79D081C}"
EndProject
Project("{FAE04EC0-301F-11D3-BF4B-00C04F79EFBC}") = "LandSenseAuth.iOS", "LandSenseAuth\LandSenseAuth.iOS\LandSenseAuth.iOS.csproj", "{36B84601-3542-43B6-9817-B77E2DFF7FE7}"
EndProject
Global
	GlobalSection(SolutionConfigurationPlatforms) = preSolution
		Ad-Hoc|Any CPU = Ad-Hoc|Any CPU
		Ad-Hoc|iPhone = Ad-Hoc|iPhone
		Ad-Hoc|iPhoneSimulator = Ad-Hoc|iPhoneSimulator
		AppStore|Any CPU = AppStore|Any CPU
		AppStore|iPhone = AppStore|iPhone
		AppStore|iPhoneSimulator = AppStore|iPhoneSimulator
		Debug|Any CPU = Debug|Any CPU
		Debug|iPhone = Debug|iPhone
		Debug|iPhoneSimulator = Debug|iPhoneSimulator
		Release|Any CPU = Release|Any CPU
		Release|iPhone = Release|iPhone
		Release|iPhoneSimulator = Release|iPhoneSimulator
	EndGlobalSection
	GlobalSection(ProjectConfigurationPlatforms) = postSolution
		{1C4DD2CE-47B0-458A-ACAE-E78C5DFC2731}.Ad-Hoc|Any CPU.ActiveCfg = Debug|Any CPU
		{1C4DD2CE-47B0-458A-ACAE-E78C5DFC2731}.Ad-Hoc|Any CPU.Build.0 = Debug|Any CPU
		{1C4DD2CE-47B0-458A-ACAE-E78C5DFC2731}.Ad-Hoc|iPhone.ActiveCfg = Debug|Any CPU
		{1C4DD2CE-47B0-458A-ACAE-E78C5DFC2731}.Ad-Hoc|iPhone.Build.0 = Debug|Any CPU
		{1C4DD2CE-47B0-458A-ACAE-E78C5DFC2731}.Ad-Hoc|iPhoneSimulator.ActiveCfg = Debug|Any CPU
		{1C4DD2CE-47B0-458A-ACAE-E78C5DFC2731}.Ad-Hoc|iPhoneSimulator.Build.0 = Debug|Any CPU
		{1C4DD2CE-47B0-458A-ACAE-E78C5DFC2731}.AppStore|Any CPU.ActiveCfg = Debug|Any CPU
		{1C4DD2CE-47B0-458A-ACAE-E78C5DFC2731}.AppStore|Any CPU.Build.0 = Debug|Any CPU
		{1C4DD2CE-47B0-458A-ACAE-E78C5DFC2731}.AppStore|iPhone.ActiveCfg = Debug|Any CPU
		{1C4DD2CE-47B0-458A-ACAE-E78C5DFC2731}.AppStore|iPhone.Build.0 = Debug|Any CPU
		{1C4DD2CE-47B0-458A-ACAE-E78C5DFC2731}.AppStore|iPhoneSimulator.ActiveCfg = Debug|Any CPU
		{1C4DD2CE-47B0-458A-ACAE-E78C5DFC2731}.AppStore|iPhoneSimulator.Build.0 = Debug|Any CPU
		{1C4DD2CE-47B0-458A-ACAE-E78C5DFC2731}.Debug|Any CPU.ActiveCfg = Debug|Any CPU
		{1C4DD2CE-47B0-458A-ACAE-E78C5DFC2731}.Debug|Any CPU.Build.0 = Debug|Any CPU
		{1C4DD2CE-47B0-458A-ACAE-E78C5DFC2731}.Debug|iPhone.ActiveCfg = Debug|Any CPU
		{1C4DD2CE-47B0-458A-ACAE-E78C5DFC2731}.Debug|iPhone.Build.0 = Debug|Any CPU
		{1C4DD2CE-47B0-458A-ACAE-E78C5DFC2731}.Debug|iPhoneSimulator.ActiveCfg = Debug|Any CPU
		{1C4DD2CE-47B0-458A-ACAE-E78C5DFC2731}.Debug|iPhoneSimulator.Build.0 = Debug|Any CPU
		{1C4DD2CE-47B0-458A-ACAE-E78C5DFC2731}.Release|Any CPU.ActiveCfg = Release|Any CPU
		{1C4DD2CE-47B0-458A-ACAE-E78C5DFC2731}.Release|Any CPU.Build.0 = Release|Any CPU
		{1C4DD2CE-47B0-458A-ACAE-E78C5DFC2731}.Release|iPhone.ActiveCfg = Release|Any CPU
		{1C4DD2CE-47B0-458A-ACAE-E78C5DFC2731}.Release|iPhone.Build.0 = Release|Any CPU
		{1C4DD2CE-47B0-458A-ACAE-E78C5DFC2731}.Release|iPhoneSimulator.ActiveCfg = Release|Any CPU
		{1C4DD2CE-47B0-458A-ACAE-E78C5DFC2731}.Release|iPhoneSimulator.Build.0 = Release|Any CPU
		{FA3D8F48-50BF-4CAD-A8A5-504FE79D081C}.Ad-Hoc|Any CPU.ActiveCfg = Release|Any CPU
		{FA3D8F48-50BF-4CAD-A8A5-504FE79D081C}.Ad-Hoc|Any CPU.Build.0 = Release|Any CPU
		{FA3D8F48-50BF-4CAD-A8A5-504FE79D081C}.Ad-Hoc|Any CPU.Deploy.0 = Release|Any CPU
		{FA3D8F48-50BF-4CAD-A8A5-504FE79D081C}.Ad-Hoc|iPhone.ActiveCfg = Release|Any CPU
		{FA3D8F48-50BF-4CAD-A8A5-504FE79D081C}.Ad-Hoc|iPhone.Build.0 = Release|Any CPU
		{FA3D8F48-50BF-4CAD-A8A5-504FE79D081C}.Ad-Hoc|iPhone.Deploy.0 = Release|Any CPU
		{FA3D8F48-50BF-4CAD-A8A5-504FE79D081C}.Ad-Hoc|iPhoneSimulator.ActiveCfg = Release|Any CPU
		{FA3D8F48-50BF-4CAD-A8A5-504FE79D081C}.Ad-Hoc|iPhoneSimulator.Build.0 = Release|Any CPU
		{FA3D8F48-50BF-4CAD-A8A5-504FE79D081C}.Ad-Hoc|iPhoneSimulator.Deploy.0 = Release|Any CPU
		{FA3D8F48-50BF-4CAD-A8A5-504FE79D081C}.AppStore|Any CPU.ActiveCfg = Release|Any CPU
		{FA3D8F48-50BF-4CAD-A8A5-504FE79D081C}.AppStore|Any CPU.Build.0 = Release|Any CPU
		{FA3D8F48-50BF-4CAD-A8A5-504FE79D081C}.AppStore|Any CPU.Deploy.0 = Release|Any CPU
		{FA3D8F48-50BF-4CAD-A8A5-504FE79D081C}.AppStore|iPhone.ActiveCfg = Release|Any CPU
		{FA3D8F48-50BF-4CAD-A8A5-504FE79D081C}.AppStore|iPhone.Build.0 = Release|Any CPU
		{FA3D8F48-50BF-4CAD-A8A5-504FE79D081C}.AppStore|iPhone.Deploy.0 = Release|Any CPU
		{FA3D8F48-50BF-4CAD-A8A5-504FE79D081C}.AppStore|iPhoneSimulator.ActiveCfg = Release|Any CPU
		{FA3D8F48-50BF-4CAD-A8A5-504FE79D081C}.AppStore|iPhoneSimulator.Build.0 = Release|Any CPU
		{FA3D8F48-50BF-4CAD-A8A5-504FE79D081C}.AppStore|iPhoneSimulator.Deploy.0 = Release|Any CPU
		{FA3D8F48-50BF-4CAD-A8A5-504FE79D081C}.Debug|Any CPU.ActiveCfg = Debug|Any CPU
		{FA3D8F48-50BF-4CAD-A8A5-504FE79D081C}.Debug|Any CPU.Build.0 = Debug|Any CPU
		{FA3D8F48-50BF-4CAD-A8A5-504FE79D081C}.Debug|Any CPU.Deploy.0 = Debug|Any CPU
		{FA3D8F48-50BF-4CAD-A8A5-504FE79D081C}.Debug|iPhone.ActiveCfg = Debug|Any CPU
		{FA3D8F48-50BF-4CAD-A8A5-504FE79D081C}.Debug|iPhone.Build.0 = Debug|Any CPU
		{FA3D8F48-50BF-4CAD-A8A5-504FE79D081C}.Debug|iPhone.Deploy.0 = Debug|Any CPU
		{FA3D8F48-50BF-4CAD-A8A5-504FE79D081C}.Debug|iPhoneSimulator.ActiveCfg = Debug|Any CPU
		{FA3D8F48-50BF-4CAD-A8A5-504FE79D081C}.Debug|iPhoneSimulator.Build.0 = Debug|Any CPU
		{FA3D8F48-50BF-4CAD-A8A5-504FE79D081C}.Debug|iPhoneSimulator.Deploy.0 = Debug|Any CPU
		{FA3D8F48-50BF-4CAD-A8A5-504FE79D081C}.Release|Any CPU.ActiveCfg = Release|Any CPU
		{FA3D8F48-50BF-4CAD-A8A5-504FE79D081C}.Release|Any CPU.Build.0 = Release|Any CPU
		{FA3D8F48-50BF-4CAD-A8A5-504FE79D081C}.Release|Any CPU.Deploy.0 = Release|Any CPU
		{FA3D8F48-50BF-4CAD-A8A5-504FE79D081C}.Release|iPhone.ActiveCfg = Release|Any CPU
		{FA3D8F48-50BF-4CAD-A8A5-504FE79D081C}.Release|iPhone.Build.0 = Release|Any CPU
		{FA3D8F48-50BF-4CAD-A8A5-504FE79D081C}.Release|iPhone.Deploy.0 = Release|Any CPU
		{FA3D8F48-50BF-4CAD-A8A5-504FE79D081C}.Release|iPhoneSimulator.ActiveCfg = Release|Any CPU
		{FA3D8F48-50BF-4CAD-A8A5-504FE79D081C}.Release|iPhoneSimulator.Build.0 = Release|Any CPU
		{FA3D8F48-50BF-4CAD-A8A5-504FE79D081C}.Release|iPhoneSimulator.Deploy.0 = Release|Any CPU
		{36B84601-3542-43B6-9817-B77E2DFF7FE7}.Ad-Hoc|Any CPU.ActiveCfg = Ad-Hoc|iPhone
		{36B84601-3542-43B6-9817-B77E2DFF7FE7}.Ad-Hoc|iPhone.ActiveCfg = Ad-Hoc|iPhone
		{36B84601-3542-43B6-9817-B77E2DFF7FE7}.Ad-Hoc|iPhone.Build.0 = Ad-Hoc|iPhone
		{36B84601-3542-43B6-9817-B77E2DFF7FE7}.Ad-Hoc|iPhoneSimulator.ActiveCfg = Ad-Hoc|iPhoneSimulator
		{36B84601-3542-43B6-9817-B77E2DFF7FE7}.Ad-Hoc|iPhoneSimulator.Build.0 = Ad-Hoc|iPhoneSimulator
		{36B84601-3542-43B6-9817-B77E2DFF7FE7}.AppStore|Any CPU.ActiveCfg = AppStore|iPhone
		{36B84601-3542-43B6-9817-B77E2DFF7FE7}.AppStore|iPhone.ActiveCfg = AppStore|iPhone
		{36B84601-3542-43B6-9817-B77E2DFF7FE7}.AppStore|iPhone.Build.0 = AppStore|iPhone
		{36B84601-3542-43B6-9817-B77E2DFF7FE7}.AppStore|iPhoneSimulator.ActiveCfg = AppStore|iPhoneSimulator
		{36B84601-3542-43B6-9817-B77E2DFF7FE7}.AppStore|iPhoneSimulator.Build.0 = AppStore|iPhoneSimulator
		{36B84601-3542-43B6-9817-B77E2DFF7FE7}.Debug|Any CPU.ActiveCfg = Debug|iPhone
		{36B84601-3542-43B6-9817-B77E2DFF7FE7}.Debug|iPhone.ActiveCfg = Debug|iPhone
		{36B84601-3542-43B6-9817-B77E2DFF7FE7}.Debug|iPhone.Build.0 = Debug|iPhone
		{36B84601-3542-43B6-9817-B77E2DFF7FE7}.Debug|iPhoneSimulator.ActiveCfg = Debug|iPhoneSimulator
		{36B84601-3542-43B6-9817-B77E2DFF7FE7}.Debug|iPhoneSimulator.Build.0 = Debug|iPhoneSimulator
		{36B84601-3542-43B6-9817-B77E2DFF7FE7}.Release|Any CPU.ActiveCfg = Release|iPhone
		{36B84601-3542-43B6-9817-B77E2DFF7FE7}.Release|iPhone.ActiveCfg = Release|iPhone
		{36B84601-3542-43B6-9817-B77E2DFF7FE7}.Release|iPhone.Build.0 = Release|iPhone
		{36B84601-3542-43B6-9817-B77E2DFF7FE7}.Release|iPhoneSimulator.ActiveCfg = Release|iPhoneSimulator
		{36B84601-3542-43B6-9817-B77E2DFF7FE7}.Release|iPhoneSimulator.Build.0 = Release|iPhoneSimulator
	EndGlobalSection
	GlobalSection(SolutionProperties) = preSolution
		HideSolutionNode = FALSE
	EndGlobalSection
	GlobalSection(ExtensibilityGlobals) = postSolution
		SolutionGuid = {82278D94-1C02-44E0-8925-12E5182C95FC}
	EndGlobalSection
EndGlobal
